
Microsoft Visual Studio Solution File, Format Version 12.00
# Visual Studio Version 17
VisualStudioVersion = 17.4.33213.308
MinimumVisualStudioVersion = 10.0.40219.1
Project("{FAE04EC0-301F-11D3-BF4B-00C04F79EFBC}") = "PhoneBook", "PhoneBook.csproj", "{39DB98E1-6796-45F5-B768-FC76CB9F01C7}"
EndProject
Global
	GlobalSection(SolutionConfigurationPlatforms) = preSolution
		Debug|Any CPU = Debug|Any CPU
		Release|Any CPU = Release|Any CPU
	EndGlobalSection
	GlobalSection(ProjectConfigurationPlatforms) = postSolution
		{39DB98E1-6796-45F5-B768-FC76CB9F01C7}.Debug|Any CPU.ActiveCfg = Debug|Any CPU
		{39DB98E1-6796-45F5-B768-FC76CB9F01C7}.Debug|Any CPU.Build.0 = Debug|Any CPU
		{39DB98E1-6796-45F5-B768-FC76CB9F01C7}.Release|Any CPU.ActiveCfg = Release|Any CPU
		{39DB98E1-6796-45F5-B768-FC76CB9F01C7}.Release|Any CPU.Build.0 = Release|Any CPU
	EndGlobalSection
	GlobalSection(SolutionProperties) = preSolution
		HideSolutionNode = FALSE
	EndGlobalSection
	GlobalSection(ExtensibilityGlobals) = postSolution
		SolutionGuid = {7EC0618D-A481-4DAD-818A-439FF1B16FB9}
	EndGlobalSection
EndGlobal
